// !$*UTF8*$!
{
	archiveVersion = 1;
	classes = {
	};
	objectVersion = 46;
	objects = {

/* Begin PBXBuildFile section */
		BE510ADA1EA611F700451804 /* main.m in Sources */ = {isa = PBXBuildFile; fileRef = BE510AD91EA611F700451804 /* main.m */; };
		BE510ADD1EA611F700451804 /* AppDelegate.m in Sources */ = {isa = PBXBuildFile; fileRef = BE510ADC1EA611F700451804 /* AppDelegate.m */; };
		BE510AE01EA611F700451804 /* ViewController.m in Sources */ = {isa = PBXBuildFile; fileRef = BE510ADF1EA611F700451804 /* ViewController.m */; };
		BE510AE31EA611F700451804 /* Main.storyboard in Resources */ = {isa = PBXBuildFile; fileRef = BE510AE11EA611F700451804 /* Main.storyboard */; };
		BE510AE51EA611F700451804 /* Assets.xcassets in Resources */ = {isa = PBXBuildFile; fileRef = BE510AE41EA611F700451804 /* Assets.xcassets */; };
		BE510AE81EA611F700451804 /* LaunchScreen.storyboard in Resources */ = {isa = PBXBuildFile; fileRef = BE510AE61EA611F700451804 /* LaunchScreen.storyboard */; };
		BE510AF11EA6132B00451804 /* FirstViewController.m in Sources */ = {isa = PBXBuildFile; fileRef = BE510AF01EA6132B00451804 /* FirstViewController.m */; };
		BE510AF41EA6133900451804 /* SecondViewController.m in Sources */ = {isa = PBXBuildFile; fileRef = BE510AF31EA6133900451804 /* SecondViewController.m */; };
/* End PBXBuildFile section */

/* Begin PBXFileReference section */
		BE510AD51EA611F700451804 /* PageViewController.app */ = {isa = PBXFileReference; explicitFileType = wrapper.application; includeInIndex = 0; path = PageViewController.app; sourceTree = BUILT_PRODUCTS_DIR; };
		BE510AD91EA611F700451804 /* main.m */ = {isa = PBXFileReference; lastKnownFileType = sourcecode.c.objc; path = main.m; sourceTree = "<group>"; };
		BE510ADB1EA611F700451804 /* AppDelegate.h */ = {isa = PBXFileReference; lastKnownFileType = sourcecode.c.h; path = AppDelegate.h; sourceTree = "<group>"; };
		BE510ADC1EA611F700451804 /* AppDelegate.m */ = {isa = PBXFileReference; lastKnownFileType = sourcecode.c.objc; path = AppDelegate.m; sourceTree = "<group>"; };
		BE510ADE1EA611F700451804 /* ViewController.h */ = {isa = PBXFileReference; lastKnownFileType = sourcecode.c.h; path = ViewController.h; sourceTree = "<group>"; };
		BE510ADF1EA611F700451804 /* ViewController.m */ = {isa = PBXFileReference; lastKnownFileType = sourcecode.c.objc; path = ViewController.m; sourceTree = "<group>"; };
		BE510AE21EA611F700451804 /* Base */ = {isa = PBXFileReference; lastKnownFileType = file.storyboard; name = Base; path = Base.lproj/Main.storyboard; sourceTree = "<group>"; };
		BE510AE41EA611F700451804 /* Assets.xcassets */ = {isa = PBXFileReference; lastKnownFileType = folder.assetcatalog; path = Assets.xcassets; sourceTree = "<group>"; };
		BE510AE71EA611F700451804 /* Base */ = {isa = PBXFileReference; lastKnownFileType = file.storyboard; name = Base; path = Base.lproj/LaunchScreen.storyboard; sourceTree = "<group>"; };
		BE510AE91EA611F700451804 /* Info.plist */ = {isa = PBXFileReference; lastKnownFileType = text.plist.xml; path = Info.plist; sourceTree = "<group>"; };
		BE510AEF1EA6132B00451804 /* FirstViewController.h */ = {isa = PBXFileReference; fileEncoding = 4; lastKnownFileType = sourcecode.c.h; path = FirstViewController.h; sourceTree = "<group>"; };
		BE510AF01EA6132B00451804 /* FirstViewController.m */ = {isa = PBXFileReference; fileEncoding = 4; lastKnownFileType = sourcecode.c.objc; path = FirstViewController.m; sourceTree = "<group>"; };
		BE510AF21EA6133900451804 /* SecondViewController.h */ = {isa = PBXFileReference; fileEncoding = 4; lastKnownFileType = sourcecode.c.h; path = SecondViewController.h; sourceTree = "<group>"; };
		BE510AF31EA6133900451804 /* SecondViewController.m */ = {isa = PBXFileReference; fileEncoding = 4; lastKnownFileType = sourcecode.c.objc; path = SecondViewController.m; sourceTree = "<group>"; };
/* End PBXFileReference section */

/* Begin PBXFrameworksBuildPhase section */
		BE510AD21EA611F700451804 /* Frameworks */ = {
			isa = PBXFrameworksBuildPhase;
			buildActionMask = 2147483647;
			files = (
			);
			runOnlyForDeploymentPostprocessing = 0;
		};
/* End PBXFrameworksBuildPhase section */

/* Begin PBXGroup section */
		BE510ACC1EA611F700451804 = {
			isa = PBXGroup;
			children = (
				BE510AD71EA611F700451804 /* PageViewController */,
				BE510AD61EA611F700451804 /* Products */,
			);
			sourceTree = "<group>";
		};
		BE510AD61EA611F700451804 /* Products */ = {
			isa = PBXGroup;
			children = (
				BE510AD51EA611F700451804 /* PageViewController.app */,
			);
			name = Products;
			sourceTree = "<group>";
		};
		BE510AD71EA611F700451804 /* PageViewController */ = {
			isa = PBXGroup;
			children = (
				BE510ADB1EA611F700451804 /* AppDelegate.h */,
				BE510ADC1EA611F700451804 /* AppDelegate.m */,
				BE510ADE1EA611F700451804 /* ViewController.h */,
				BE510ADF1EA611F700451804 /* ViewController.m */,
				BE510AEF1EA6132B00451804 /* FirstViewController.h */,
				BE510AF01EA6132B00451804 /* FirstViewController.m */,
				BE510AF21EA6133900451804 /* SecondViewController.h */,
				BE510AF31EA6133900451804 /* SecondViewController.m */,
				BE510AE11EA611F700451804 /* Main.storyboard */,
				BE510AE41EA611F700451804 /* Assets.xcassets */,
				BE510AE61EA611F700451804 /* LaunchScreen.storyboard */,
				BE510AE91EA611F700451804 /* Info.plist */,
				BE510AD81EA611F700451804 /* Supporting Files */,
			);
			path = PageViewController;
			sourceTree = "<group>";
		};
		BE510AD81EA611F700451804 /* Supporting Files */ = {
			isa = PBXGroup;
			children = (
				BE510AD91EA611F700451804 /* main.m */,
			);
			name = "Supporting Files";
			sourceTree = "<group>";
		};
/* End PBXGroup section */

/* Begin PBXNativeTarget section */
		BE510AD41EA611F700451804 /* PageViewController */ = {
			isa = PBXNativeTarget;
			buildConfigurationList = BE510AEC1EA611F700451804 /* Build configuration list for PBXNativeTarget "PageViewController" */;
			buildPhases = (
				BE510AD11EA611F700451804 /* Sources */,
				BE510AD21EA611F700451804 /* Frameworks */,
				BE510AD31EA611F700451804 /* Resources */,
			);
			buildRules = (
			);
			dependencies = (
			);
			name = PageViewController;
			productName = PageViewController;
			productReference = BE510AD51EA611F700451804 /* PageViewController.app */;
			productType = "com.apple.product-type.application";
		};
/* End PBXNativeTarget section */

/* Begin PBXProject section */
		BE510ACD1EA611F700451804 /* Project object */ = {
			isa = PBXProject;
			attributes = {
				LastUpgradeCheck = 0830;
				ORGANIZATIONNAME = mac;
				TargetAttributes = {
					BE510AD41EA611F700451804 = {
						CreatedOnToolsVersion = 8.3;
						DevelopmentTeam = VR5MBMQMJ9;
						ProvisioningStyle = Automatic;
					};
				};
			};
			buildConfigurationList = BE510AD01EA611F700451804 /* Build configuration list for PBXProject "PageViewController" */;
			compatibilityVersion = "Xcode 3.2";
			developmentRegion = English;
			hasScannedForEncodings = 0;
			knownRegions = (
				en,
				Base,
			);
			mainGroup = BE510ACC1EA611F700451804;
			productRefGroup = BE510AD61EA611F700451804 /* Products */;
			projectDirPath = "";
			projectRoot = "";
			targets = (
				BE510AD41EA611F700451804 /* PageViewController */,
			);
		};
/* End PBXProject section */

/* Begin PBXResourcesBuildPhase section */
		BE510AD31EA611F700451804 /* Resources */ = {
			isa = PBXResourcesBuildPhase;
			buildActionMask = 2147483647;
			files = (
				BE510AE81EA611F700451804 /* LaunchScreen.storyboard in Resources */,
				BE510AE51EA611F700451804 /* Assets.xcassets in Resources */,
				BE510AE31EA611F700451804 /* Main.storyboard in Resources */,
			);
			runOnlyForDeploymentPostprocessing = 0;
		};
/* End PBXResourcesBuildPhase section */

/* Begin PBXSourcesBuildPhase section */
		BE510AD11EA611F700451804 /* Sources */ = {
			isa = PBXSourcesBuildPhase;
			buildActionMask = 2147483647;
			files = (
				BE510AF41EA6133900451804 /* SecondViewController.m in Sources */,
				BE510AE01EA611F700451804 /* ViewController.m in Sources */,
				BE510ADD1EA611F700451804 /* AppDelegate.m in Sources */,
				BE510ADA1EA611F700451804 /* main.m in Sources */,
				BE510AF11EA6132B00451804 /* FirstViewController.m in Sources */,
			);
			runOnlyForDeploymentPostprocessing = 0;
		};
/* End PBXSourcesBuildPhase section */

/* Begin PBXVariantGroup section */
		BE510AE11EA611F700451804 /* Main.storyboard */ = {
			isa = PBXVariantGroup;
			children = (
				BE510AE21EA611F700451804 /* Base */,
			);
			name = Main.storyboard;
			sourceTree = "<group>";
		};
		BE510AE61EA611F700451804 /* LaunchScreen.storyboard */ = {
			isa = PBXVariantGroup;
			children = (
				BE510AE71EA611F700451804 /* Base */,
			);
			name = LaunchScreen.storyboard;
			sourceTree = "<group>";
		};
/* End PBXVariantGroup section */

/* Begin XCBuildConfiguration section */
		BE510AEA1EA611F700451804 /* Debug */ = {
			isa = XCBuildConfiguration;
			buildSettings = {
				ALWAYS_SEARCH_USER_PATHS = NO;
				CLANG_ANALYZER_NONNULL = YES;
				CLANG_ANALYZER_NUMBER_OBJECT_CONVERSION = YES_AGGRESSIVE;
				CLANG_CXX_LANGUAGE_STANDARD = "gnu++0x";
				CLANG_CXX_LIBRARY = "libc++";
				CLANG_ENABLE_MODULES = YES;
				CLANG_ENABLE_OBJC_ARC = YES;
				CLANG_WARN_BOOL_CONVERSION = YES;
				CLANG_WARN_CONSTANT_CONVERSION = YES;
				CLANG_WARN_DIRECT_OBJC_ISA_USAGE = YES_ERROR;
				CLANG_WARN_DOCUMENTATION_COMMENTS = YES;
				CLANG_WARN_EMPTY_BODY = YES;
				CLANG_WARN_ENUM_CONVERSION = YES;
				CLANG_WARN_INFINITE_RECURSION = YES;
				CLANG_WARN_INT_CONVERSION = YES;
				CLANG_WARN_OBJC_ROOT_CLASS = YES_ERROR;
				CLANG_WARN_SUSPICIOUS_MOVE = YES;
				CLANG_WARN_UNREACHABLE_CODE = YES;
				CLANG_WARN__DUPLICATE_METHOD_MATCH = YES;
				"CODE_SIGN_IDENTITY[sdk=iphoneos*]" = "iPhone Developer";
				COPY_PHASE_STRIP = NO;
				DEBUG_INFORMATION_FORMAT = dwarf;
				ENABLE_STRICT_OBJC_MSGSEND = YES;
				ENABLE_TESTABILITY = YES;
				GCC_C_LANGUAGE_STANDARD = gnu99;
				GCC_DYNAMIC_NO_PIC = NO;
				GCC_NO_COMMON_BLOCKS = YES;
				GCC_OPTIMIZATION_LEVEL = 0;
				GCC_PREPROCESSOR_DEFINITIONS = (
					"DEBUG=1",
					"$(inherited)",
				);
				GCC_WARN_64_TO_32_BIT_CONVERSION = YES;
				GCC_WARN_ABOUT_RETURN_TYPE = YES_ERROR;
				GCC_WARN_UNDECLARED_SELECTOR = YES;
				GCC_WARN_UNINITIALIZED_AUTOS = YES_AGGRESSIVE;
				GCC_WARN_UNUSED_FUNCTION = YES;
				GCC_WARN_UNUSED_VARIABLE = YES;
				IPHONEOS_DEPLOYMENT_TARGET = 10.3;
				MTL_ENABLE_DEBUG_INFO = YES;
				ONLY_ACTIVE_ARCH = YES;
				SDKROOT = iphoneos;
				TARGETED_DEVICE_FAMILY = "1,2";
			};
			name = Debug;
		};
		BE510AEB1EA611F700451804 /* Release */ = {
			isa = XCBuildConfiguration;
			buildSettings = {
				ALWAYS_SEARCH_USER_PATHS = NO;
				CLANG_ANALYZER_NONNULL = YES;
				CLANG_ANALYZER_NUMBER_OBJECT_CONVERSION = YES_AGGRESSIVE;
				CLANG_CXX_LANGUAGE_STANDARD = "gnu++0x";
				CLANG_CXX_LIBRARY = "libc++";
				CLANG_ENABLE_MODULES = YES;
				CLANG_ENABLE_OBJC_ARC = YES;
				CLANG_WARN_BOOL_CONVERSION = YES;
				CLANG_WARN_CONSTANT_CONVERSION = YES;
				CLANG_WARN_DIRECT_OBJC_ISA_USAGE = YES_ERROR;
				CLANG_WARN_DOCUMENTATION_COMMENTS = YES;
				CLANG_WARN_EMPTY_BODY = YES;
				CLANG_WARN_ENUM_CONVERSION = YES;
				CLANG_WARN_INFINITE_RECURSION = YES;
				CLANG_WARN_INT_CONVERSION = YES;
				CLANG_WARN_OBJC_ROOT_CLASS = YES_ERROR;
				CLANG_WARN_SUSPICIOUS_MOVE = YES;
				CLANG_WARN_UNREACHABLE_CODE = YES;
				CLANG_WARN__DUPLICATE_METHOD_MATCH = YES;
				"CODE_SIGN_IDENTITY[sdk=iphoneos*]" = "iPhone Developer";
				COPY_PHASE_STRIP = NO;
				DEBUG_INFORMATION_FORMAT = "dwarf-with-dsym";
				ENABLE_NS_ASSERTIONS = NO;
				ENABLE_STRICT_OBJC_MSGSEND = YES;
				GCC_C_LANGUAGE_STANDARD = gnu99;
				GCC_NO_COMMON_BLOCKS = YES;
				GCC_WARN_64_TO_32_BIT_CONVERSION = YES;
				GCC_WARN_ABOUT_RETURN_TYPE = YES_ERROR;
				GCC_WARN_UNDECLARED_SELECTOR = YES;
				GCC_WARN_UNINITIALIZED_AUTOS = YES_AGGRESSIVE;
				GCC_WARN_UNUSED_FUNCTION = YES;
				GCC_WARN_UNUSED_VARIABLE = YES;
				IPHONEOS_DEPLOYMENT_TARGET = 10.3;
				MTL_ENABLE_DEBUG_INFO = NO;
				SDKROOT = iphoneos;
				TARGETED_DEVICE_FAMILY = "1,2";
				VALIDATE_PRODUCT = YES;
			};
			name = Release;
		};
		BE510AED1EA611F700451804 /* Debug */ = {
			isa = XCBuildConfiguration;
			buildSettings = {
				ASSETCATALOG_COMPILER_APPICON_NAME = AppIcon;
				DEVELOPMENT_TEAM = VR5MBMQMJ9;
				INFOPLIST_FILE = PageViewController/Info.plist;
				LD_RUNPATH_SEARCH_PATHS = "$(inherited) @executable_path/Frameworks";
				PRODUCT_BUNDLE_IDENTIFIER = com.lb369.PageViewController;
				PRODUCT_NAME = "$(TARGET_NAME)";
			};
			name = Debug;
		};
		BE510AEE1EA611F700451804 /* Release */ = {
			isa = XCBuildConfiguration;
			buildSettings = {
				ASSETCATALOG_COMPILER_APPICON_NAME = AppIcon;
				DEVELOPMENT_TEAM = VR5MBMQMJ9;
				INFOPLIST_FILE = PageViewController/Info.plist;
				LD_RUNPATH_SEARCH_PATHS = "$(inherited) @executable_path/Frameworks";
				PRODUCT_BUNDLE_IDENTIFIER = com.lb369.PageViewController;
				PRODUCT_NAME = "$(TARGET_NAME)";
			};
			name = Release;
		};
/* End XCBuildConfiguration section */

/* Begin XCConfigurationList section */
		BE510AD01EA611F700451804 /* Build configuration list for PBXProject "PageViewController" */ = {
			isa = XCConfigurationList;
			buildConfigurations = (
				BE510AEA1EA611F700451804 /* Debug */,
				BE510AEB1EA611F700451804 /* Release */,
			);
			defaultConfigurationIsVisible = 0;
			defaultConfigurationName = Release;
		};
		BE510AEC1EA611F700451804 /* Build configuration list for PBXNativeTarget "PageViewController" */ = {
			isa = XCConfigurationList;
			buildConfigurations = (
				BE510AED1EA611F700451804 /* Debug */,
				BE510AEE1EA611F700451804 /* Release */,
			);
			defaultConfigurationIsVisible = 0;
		};
/* End XCConfigurationList section */
	};
	rootObject = BE510ACD1EA611F700451804 /* Project object */;
}
