// !$*UTF8*$!
{
	archiveVersion = 1;
	classes = {
	};
	objectVersion = 46;
	objects = {

/* Begin PBXBuildFile section */
		22A1A1AF778E6E11D582DC9D /* Pods_UIViewDemoTarget1.framework in Frameworks */ = {isa = PBXBuildFile; fileRef = 635946E047C8D9189B460445 /* Pods_UIViewDemoTarget1.framework */; };
		BE3F816D1EDFF6EC0023F05E /* LBBrokenLineView.h in Headers */ = {isa = PBXBuildFile; fileRef = BE3F816B1EDFF6EC0023F05E /* LBBrokenLineView.h */; settings = {ATTRIBUTES = (Public, ); }; };
		BE3F816E1EDFF6EC0023F05E /* LBBrokenLineView.m in Sources */ = {isa = PBXBuildFile; fileRef = BE3F816C1EDFF6EC0023F05E /* LBBrokenLineView.m */; };
		BEFC79B21ECC1AD100E3FA10 /* UIViewDemoTarget1.h in Headers */ = {isa = PBXBuildFile; fileRef = BEFC79B01ECC1AD100E3FA10 /* UIViewDemoTarget1.h */; };
/* End PBXBuildFile section */

/* Begin PBXFileReference section */
		635946E047C8D9189B460445 /* Pods_UIViewDemoTarget1.framework */ = {isa = PBXFileReference; explicitFileType = wrapper.framework; includeInIndex = 0; path = Pods_UIViewDemoTarget1.framework; sourceTree = BUILT_PRODUCTS_DIR; };
		A6BFAA1A5AE530BBDEB57D93 /* Pods-UIViewDemoTarget1.debug.xcconfig */ = {isa = PBXFileReference; includeInIndex = 1; lastKnownFileType = text.xcconfig; name = "Pods-UIViewDemoTarget1.debug.xcconfig"; path = "Pods/Target Support Files/Pods-UIViewDemoTarget1/Pods-UIViewDemoTarget1.debug.xcconfig"; sourceTree = "<group>"; };
		BE3F816B1EDFF6EC0023F05E /* LBBrokenLineView.h */ = {isa = PBXFileReference; fileEncoding = 4; lastKnownFileType = sourcecode.c.h; path = LBBrokenLineView.h; sourceTree = "<group>"; };
		BE3F816C1EDFF6EC0023F05E /* LBBrokenLineView.m */ = {isa = PBXFileReference; fileEncoding = 4; lastKnownFileType = sourcecode.c.objc; path = LBBrokenLineView.m; sourceTree = "<group>"; };
		BEFC79AD1ECC1AD100E3FA10 /* UIViewDemoTarget1.framework */ = {isa = PBXFileReference; explicitFileType = wrapper.framework; includeInIndex = 0; path = UIViewDemoTarget1.framework; sourceTree = BUILT_PRODUCTS_DIR; };
		BEFC79B01ECC1AD100E3FA10 /* UIViewDemoTarget1.h */ = {isa = PBXFileReference; lastKnownFileType = sourcecode.c.h; path = UIViewDemoTarget1.h; sourceTree = "<group>"; };
		BEFC79B11ECC1AD100E3FA10 /* Info.plist */ = {isa = PBXFileReference; lastKnownFileType = text.plist.xml; path = Info.plist; sourceTree = "<group>"; };
		DC7C342C24886BBE47E7BCB0 /* Pods-UIViewDemoTarget1.release.xcconfig */ = {isa = PBXFileReference; includeInIndex = 1; lastKnownFileType = text.xcconfig; name = "Pods-UIViewDemoTarget1.release.xcconfig"; path = "Pods/Target Support Files/Pods-UIViewDemoTarget1/Pods-UIViewDemoTarget1.release.xcconfig"; sourceTree = "<group>"; };
/* End PBXFileReference section */

/* Begin PBXFrameworksBuildPhase section */
		BEFC79A91ECC1AD100E3FA10 /* Frameworks */ = {
			isa = PBXFrameworksBuildPhase;
			buildActionMask = 2147483647;
			files = (
				22A1A1AF778E6E11D582DC9D /* Pods_UIViewDemoTarget1.framework in Frameworks */,
			);
			runOnlyForDeploymentPostprocessing = 0;
		};
/* End PBXFrameworksBuildPhase section */

/* Begin PBXGroup section */
		4B1B0164DCC478D00D53CB3B /* Pods */ = {
			isa = PBXGroup;
			children = (
				A6BFAA1A5AE530BBDEB57D93 /* Pods-UIViewDemoTarget1.debug.xcconfig */,
				DC7C342C24886BBE47E7BCB0 /* Pods-UIViewDemoTarget1.release.xcconfig */,
			);
			name = Pods;
			sourceTree = "<group>";
		};
		74761F702C6B3248959D8F62 /* Frameworks */ = {
			isa = PBXGroup;
			children = (
				635946E047C8D9189B460445 /* Pods_UIViewDemoTarget1.framework */,
			);
			name = Frameworks;
			sourceTree = "<group>";
		};
		BEFC79A31ECC1AD100E3FA10 = {
			isa = PBXGroup;
			children = (
				BEFC79AF1ECC1AD100E3FA10 /* UIViewDemoTarget1 */,
				BEFC79AE1ECC1AD100E3FA10 /* Products */,
				4B1B0164DCC478D00D53CB3B /* Pods */,
				74761F702C6B3248959D8F62 /* Frameworks */,
			);
			sourceTree = "<group>";
		};
		BEFC79AE1ECC1AD100E3FA10 /* Products */ = {
			isa = PBXGroup;
			children = (
				BEFC79AD1ECC1AD100E3FA10 /* UIViewDemoTarget1.framework */,
			);
			name = Products;
			sourceTree = "<group>";
		};
		BEFC79AF1ECC1AD100E3FA10 /* UIViewDemoTarget1 */ = {
			isa = PBXGroup;
			children = (
				BEFC79B01ECC1AD100E3FA10 /* UIViewDemoTarget1.h */,
				BE3F816B1EDFF6EC0023F05E /* LBBrokenLineView.h */,
				BE3F816C1EDFF6EC0023F05E /* LBBrokenLineView.m */,
				BEFC79B11ECC1AD100E3FA10 /* Info.plist */,
			);
			path = UIViewDemoTarget1;
			sourceTree = "<group>";
		};
/* End PBXGroup section */

/* Begin PBXHeadersBuildPhase section */
		BEFC79AA1ECC1AD100E3FA10 /* Headers */ = {
			isa = PBXHeadersBuildPhase;
			buildActionMask = 2147483647;
			files = (
				BE3F816D1EDFF6EC0023F05E /* LBBrokenLineView.h in Headers */,
				BEFC79B21ECC1AD100E3FA10 /* UIViewDemoTarget1.h in Headers */,
			);
			runOnlyForDeploymentPostprocessing = 0;
		};
/* End PBXHeadersBuildPhase section */

/* Begin PBXNativeTarget section */
		BEFC79AC1ECC1AD100E3FA10 /* UIViewDemoTarget1 */ = {
			isa = PBXNativeTarget;
			buildConfigurationList = BEFC79B51ECC1AD100E3FA10 /* Build configuration list for PBXNativeTarget "UIViewDemoTarget1" */;
			buildPhases = (
				9DC250FEF034C878722F91DB /* 📦 Check Pods Manifest.lock */,
				BEFC79A81ECC1AD100E3FA10 /* Sources */,
				BEFC79A91ECC1AD100E3FA10 /* Frameworks */,
				BEFC79AA1ECC1AD100E3FA10 /* Headers */,
				BEFC79AB1ECC1AD100E3FA10 /* Resources */,
				E6FC378D0F0ACD9AB173717D /* 📦 Copy Pods Resources */,
			);
			buildRules = (
			);
			dependencies = (
			);
			name = UIViewDemoTarget1;
			productName = UIViewDemoTarget1;
			productReference = BEFC79AD1ECC1AD100E3FA10 /* UIViewDemoTarget1.framework */;
			productType = "com.apple.product-type.framework";
		};
/* End PBXNativeTarget section */

/* Begin PBXProject section */
		BEFC79A41ECC1AD100E3FA10 /* Project object */ = {
			isa = PBXProject;
			attributes = {
				LastUpgradeCheck = 0830;
				ORGANIZATIONNAME = mac;
				TargetAttributes = {
					BEFC79AC1ECC1AD100E3FA10 = {
						CreatedOnToolsVersion = 8.3.2;
						DevelopmentTeam = VR5MBMQMJ9;
						ProvisioningStyle = Automatic;
					};
				};
			};
			buildConfigurationList = BEFC79A71ECC1AD100E3FA10 /* Build configuration list for PBXProject "UIViewDemoTarget1" */;
			compatibilityVersion = "Xcode 3.2";
			developmentRegion = English;
			hasScannedForEncodings = 0;
			knownRegions = (
				en,
			);
			mainGroup = BEFC79A31ECC1AD100E3FA10;
			productRefGroup = BEFC79AE1ECC1AD100E3FA10 /* Products */;
			projectDirPath = "";
			projectRoot = "";
			targets = (
				BEFC79AC1ECC1AD100E3FA10 /* UIViewDemoTarget1 */,
			);
		};
/* End PBXProject section */

/* Begin PBXResourcesBuildPhase section */
		BEFC79AB1ECC1AD100E3FA10 /* Resources */ = {
			isa = PBXResourcesBuildPhase;
			buildActionMask = 2147483647;
			files = (
			);
			runOnlyForDeploymentPostprocessing = 0;
		};
/* End PBXResourcesBuildPhase section */

/* Begin PBXShellScriptBuildPhase section */
		9DC250FEF034C878722F91DB /* 📦 Check Pods Manifest.lock */ = {
			isa = PBXShellScriptBuildPhase;
			buildActionMask = 2147483647;
			files = (
			);
			inputPaths = (
			);
			name = "📦 Check Pods Manifest.lock";
			outputPaths = (
			);
			runOnlyForDeploymentPostprocessing = 0;
			shellPath = /bin/sh;
			shellScript = "diff \"${PODS_ROOT}/../Podfile.lock\" \"${PODS_ROOT}/Manifest.lock\" > /dev/null\nif [[ $? != 0 ]] ; then\n    cat << EOM\nerror: The sandbox is not in sync with the Podfile.lock. Run 'pod install' or update your CocoaPods installation.\nEOM\n    exit 1\nfi\n";
			showEnvVarsInLog = 0;
		};
		E6FC378D0F0ACD9AB173717D /* 📦 Copy Pods Resources */ = {
			isa = PBXShellScriptBuildPhase;
			buildActionMask = 2147483647;
			files = (
			);
			inputPaths = (
			);
			name = "📦 Copy Pods Resources";
			outputPaths = (
			);
			runOnlyForDeploymentPostprocessing = 0;
			shellPath = /bin/sh;
			shellScript = "\"${SRCROOT}/Pods/Target Support Files/Pods-UIViewDemoTarget1/Pods-UIViewDemoTarget1-resources.sh\"\n";
			showEnvVarsInLog = 0;
		};
/* End PBXShellScriptBuildPhase section */

/* Begin PBXSourcesBuildPhase section */
		BEFC79A81ECC1AD100E3FA10 /* Sources */ = {
			isa = PBXSourcesBuildPhase;
			buildActionMask = 2147483647;
			files = (
				BE3F816E1EDFF6EC0023F05E /* LBBrokenLineView.m in Sources */,
			);
			runOnlyForDeploymentPostprocessing = 0;
		};
/* End PBXSourcesBuildPhase section */

/* Begin XCBuildConfiguration section */
		BEFC79B31ECC1AD100E3FA10 /* Debug */ = {
			isa = XCBuildConfiguration;
			buildSettings = {
				ALWAYS_SEARCH_USER_PATHS = NO;
				CLANG_ANALYZER_NONNULL = YES;
				CLANG_ANALYZER_NUMBER_OBJECT_CONVERSION = YES_AGGRESSIVE;
				CLANG_CXX_LANGUAGE_STANDARD = "gnu++0x";
				CLANG_CXX_LIBRARY = "libc++";
				CLANG_ENABLE_MODULES = YES;
				CLANG_ENABLE_OBJC_ARC = YES;
				CLANG_WARN_BOOL_CONVERSION = YES;
				CLANG_WARN_CONSTANT_CONVERSION = YES;
				CLANG_WARN_DIRECT_OBJC_ISA_USAGE = YES_ERROR;
				CLANG_WARN_DOCUMENTATION_COMMENTS = YES;
				CLANG_WARN_EMPTY_BODY = YES;
				CLANG_WARN_ENUM_CONVERSION = YES;
				CLANG_WARN_INFINITE_RECURSION = YES;
				CLANG_WARN_INT_CONVERSION = YES;
				CLANG_WARN_OBJC_ROOT_CLASS = YES_ERROR;
				CLANG_WARN_SUSPICIOUS_MOVE = YES;
				CLANG_WARN_UNREACHABLE_CODE = YES;
				CLANG_WARN__DUPLICATE_METHOD_MATCH = YES;
				"CODE_SIGN_IDENTITY[sdk=iphoneos*]" = "iPhone Developer";
				COPY_PHASE_STRIP = NO;
				CURRENT_PROJECT_VERSION = 1;
				DEBUG_INFORMATION_FORMAT = dwarf;
				ENABLE_STRICT_OBJC_MSGSEND = YES;
				ENABLE_TESTABILITY = YES;
				GCC_C_LANGUAGE_STANDARD = gnu99;
				GCC_DYNAMIC_NO_PIC = NO;
				GCC_NO_COMMON_BLOCKS = YES;
				GCC_OPTIMIZATION_LEVEL = 0;
				GCC_PREPROCESSOR_DEFINITIONS = (
					"DEBUG=1",
					"$(inherited)",
				);
				GCC_WARN_64_TO_32_BIT_CONVERSION = YES;
				GCC_WARN_ABOUT_RETURN_TYPE = YES_ERROR;
				GCC_WARN_UNDECLARED_SELECTOR = YES;
				GCC_WARN_UNINITIALIZED_AUTOS = YES_AGGRESSIVE;
				GCC_WARN_UNUSED_FUNCTION = YES;
				GCC_WARN_UNUSED_VARIABLE = YES;
				IPHONEOS_DEPLOYMENT_TARGET = 10.3;
				MTL_ENABLE_DEBUG_INFO = YES;
				ONLY_ACTIVE_ARCH = YES;
				SDKROOT = iphoneos;
				TARGETED_DEVICE_FAMILY = "1,2";
				VERSIONING_SYSTEM = "apple-generic";
				VERSION_INFO_PREFIX = "";
			};
			name = Debug;
		};
		BEFC79B41ECC1AD100E3FA10 /* Release */ = {
			isa = XCBuildConfiguration;
			buildSettings = {
				ALWAYS_SEARCH_USER_PATHS = NO;
				CLANG_ANALYZER_NONNULL = YES;
				CLANG_ANALYZER_NUMBER_OBJECT_CONVERSION = YES_AGGRESSIVE;
				CLANG_CXX_LANGUAGE_STANDARD = "gnu++0x";
				CLANG_CXX_LIBRARY = "libc++";
				CLANG_ENABLE_MODULES = YES;
				CLANG_ENABLE_OBJC_ARC = YES;
				CLANG_WARN_BOOL_CONVERSION = YES;
				CLANG_WARN_CONSTANT_CONVERSION = YES;
				CLANG_WARN_DIRECT_OBJC_ISA_USAGE = YES_ERROR;
				CLANG_WARN_DOCUMENTATION_COMMENTS = YES;
				CLANG_WARN_EMPTY_BODY = YES;
				CLANG_WARN_ENUM_CONVERSION = YES;
				CLANG_WARN_INFINITE_RECURSION = YES;
				CLANG_WARN_INT_CONVERSION = YES;
				CLANG_WARN_OBJC_ROOT_CLASS = YES_ERROR;
				CLANG_WARN_SUSPICIOUS_MOVE = YES;
				CLANG_WARN_UNREACHABLE_CODE = YES;
				CLANG_WARN__DUPLICATE_METHOD_MATCH = YES;
				"CODE_SIGN_IDENTITY[sdk=iphoneos*]" = "iPhone Developer";
				COPY_PHASE_STRIP = NO;
				CURRENT_PROJECT_VERSION = 1;
				DEBUG_INFORMATION_FORMAT = "dwarf-with-dsym";
				ENABLE_NS_ASSERTIONS = NO;
				ENABLE_STRICT_OBJC_MSGSEND = YES;
				GCC_C_LANGUAGE_STANDARD = gnu99;
				GCC_NO_COMMON_BLOCKS = YES;
				GCC_WARN_64_TO_32_BIT_CONVERSION = YES;
				GCC_WARN_ABOUT_RETURN_TYPE = YES_ERROR;
				GCC_WARN_UNDECLARED_SELECTOR = YES;
				GCC_WARN_UNINITIALIZED_AUTOS = YES_AGGRESSIVE;
				GCC_WARN_UNUSED_FUNCTION = YES;
				GCC_WARN_UNUSED_VARIABLE = YES;
				IPHONEOS_DEPLOYMENT_TARGET = 10.3;
				MTL_ENABLE_DEBUG_INFO = NO;
				SDKROOT = iphoneos;
				TARGETED_DEVICE_FAMILY = "1,2";
				VALIDATE_PRODUCT = YES;
				VERSIONING_SYSTEM = "apple-generic";
				VERSION_INFO_PREFIX = "";
			};
			name = Release;
		};
		BEFC79B61ECC1AD100E3FA10 /* Debug */ = {
			isa = XCBuildConfiguration;
			baseConfigurationReference = A6BFAA1A5AE530BBDEB57D93 /* Pods-UIViewDemoTarget1.debug.xcconfig */;
			buildSettings = {
				CODE_SIGN_IDENTITY = "";
				DEFINES_MODULE = YES;
				DEVELOPMENT_TEAM = VR5MBMQMJ9;
				DYLIB_COMPATIBILITY_VERSION = 1;
				DYLIB_CURRENT_VERSION = 1;
				DYLIB_INSTALL_NAME_BASE = "@rpath";
				INFOPLIST_FILE = UIViewDemoTarget1/Info.plist;
				INSTALL_PATH = "$(LOCAL_LIBRARY_DIR)/Frameworks";
				LD_RUNPATH_SEARCH_PATHS = "$(inherited) @executable_path/Frameworks @loader_path/Frameworks";
				PRODUCT_BUNDLE_IDENTIFIER = com.lb369.UIViewDemoTarget1;
				PRODUCT_NAME = "$(TARGET_NAME)";
				SKIP_INSTALL = YES;
			};
			name = Debug;
		};
		BEFC79B71ECC1AD100E3FA10 /* Release */ = {
			isa = XCBuildConfiguration;
			baseConfigurationReference = DC7C342C24886BBE47E7BCB0 /* Pods-UIViewDemoTarget1.release.xcconfig */;
			buildSettings = {
				CODE_SIGN_IDENTITY = "";
				DEFINES_MODULE = YES;
				DEVELOPMENT_TEAM = VR5MBMQMJ9;
				DYLIB_COMPATIBILITY_VERSION = 1;
				DYLIB_CURRENT_VERSION = 1;
				DYLIB_INSTALL_NAME_BASE = "@rpath";
				INFOPLIST_FILE = UIViewDemoTarget1/Info.plist;
				INSTALL_PATH = "$(LOCAL_LIBRARY_DIR)/Frameworks";
				LD_RUNPATH_SEARCH_PATHS = "$(inherited) @executable_path/Frameworks @loader_path/Frameworks";
				PRODUCT_BUNDLE_IDENTIFIER = com.lb369.UIViewDemoTarget1;
				PRODUCT_NAME = "$(TARGET_NAME)";
				SKIP_INSTALL = YES;
			};
			name = Release;
		};
/* End XCBuildConfiguration section */

/* Begin XCConfigurationList section */
		BEFC79A71ECC1AD100E3FA10 /* Build configuration list for PBXProject "UIViewDemoTarget1" */ = {
			isa = XCConfigurationList;
			buildConfigurations = (
				BEFC79B31ECC1AD100E3FA10 /* Debug */,
				BEFC79B41ECC1AD100E3FA10 /* Release */,
			);
			defaultConfigurationIsVisible = 0;
			defaultConfigurationName = Release;
		};
		BEFC79B51ECC1AD100E3FA10 /* Build configuration list for PBXNativeTarget "UIViewDemoTarget1" */ = {
			isa = XCConfigurationList;
			buildConfigurations = (
				BEFC79B61ECC1AD100E3FA10 /* Debug */,
				BEFC79B71ECC1AD100E3FA10 /* Release */,
			);
			defaultConfigurationIsVisible = 0;
			defaultConfigurationName = Release;
		};
/* End XCConfigurationList section */
	};
	rootObject = BEFC79A41ECC1AD100E3FA10 /* Project object */;
}
